
Microsoft Visual Studio Solution File, Format Version 12.00
# Visual Studio 15
VisualStudioVersion = 15.0.26730.15
MinimumVisualStudioVersion = 10.0.40219.1
Project("{FAE04EC0-301F-11D3-BF4B-00C04F79EFBC}") = "Koshi", "Koshi\Koshi.csproj", "{CB30CF95-1936-482E-A66E-09CEB1585FC9}"
EndProject
Global
	GlobalSection(SolutionConfigurationPlatforms) = preSolution
		Debug|Any CPU = Debug|Any CPU
		Release|Any CPU = Release|Any CPU
	EndGlobalSection
	GlobalSection(ProjectConfigurationPlatforms) = postSolution
		{CB30CF95-1936-482E-A66E-09CEB1585FC9}.Debug|Any CPU.ActiveCfg = Debug|Any CPU
		{CB30CF95-1936-482E-A66E-09CEB1585FC9}.Debug|Any CPU.Build.0 = Debug|Any CPU
		{CB30CF95-1936-482E-A66E-09CEB1585FC9}.Release|Any CPU.ActiveCfg = Release|Any CPU
		{CB30CF95-1936-482E-A66E-09CEB1585FC9}.Release|Any CPU.Build.0 = Release|Any CPU
	EndGlobalSection
	GlobalSection(SolutionProperties) = preSolution
		HideSolutionNode = FALSE
	EndGlobalSection
	GlobalSection(ExtensibilityGlobals) = postSolution
		SolutionGuid = {83D3C293-2F3A-4DA0-8C04-9205321D2048}
	EndGlobalSection
EndGlobal
